// !$*UTF8*$!
{
	archiveVersion = 1;
	classes = {
	};
	objectVersion = 50;
	objects = {

/* Begin PBXBuildFile section */
		78BA848621A28941000D2CBA /* AppDelegate.m in Sources */ = {isa = PBXBuildFile; fileRef = 78BA848521A28941000D2CBA /* AppDelegate.m */; };
		78BA848921A28941000D2CBA /* ViewController.m in Sources */ = {isa = PBXBuildFile; fileRef = 78BA848821A28941000D2CBA /* ViewController.m */; };
		78BA848C21A28941000D2CBA /* Main.storyboard in Resources */ = {isa = PBXBuildFile; fileRef = 78BA848A21A28941000D2CBA /* Main.storyboard */; };
		78BA848F21A28941000D2CBA /* Demoapp.xcdatamodeld in Sources */ = {isa = PBXBuildFile; fileRef = 78BA848D21A28941000D2CBA /* Demoapp.xcdatamodeld */; };
		78BA849121A28944000D2CBA /* Assets.xcassets in Resources */ = {isa = PBXBuildFile; fileRef = 78BA849021A28944000D2CBA /* Assets.xcassets */; };
		78BA849421A28944000D2CBA /* LaunchScreen.storyboard in Resources */ = {isa = PBXBuildFile; fileRef = 78BA849221A28944000D2CBA /* LaunchScreen.storyboard */; };
		78BA849721A28944000D2CBA /* main.m in Sources */ = {isa = PBXBuildFile; fileRef = 78BA849621A28944000D2CBA /* main.m */; };
/* End PBXBuildFile section */

/* Begin PBXFileReference section */
		78BA848121A28941000D2CBA /* Demoapp.app */ = {isa = PBXFileReference; explicitFileType = wrapper.application; includeInIndex = 0; path = Demoapp.app; sourceTree = BUILT_PRODUCTS_DIR; };
		78BA848421A28941000D2CBA /* AppDelegate.h */ = {isa = PBXFileReference; lastKnownFileType = sourcecode.c.h; path = AppDelegate.h; sourceTree = "<group>"; };
		78BA848521A28941000D2CBA /* AppDelegate.m */ = {isa = PBXFileReference; lastKnownFileType = sourcecode.c.objc; path = AppDelegate.m; sourceTree = "<group>"; };
		78BA848721A28941000D2CBA /* ViewController.h */ = {isa = PBXFileReference; lastKnownFileType = sourcecode.c.h; path = ViewController.h; sourceTree = "<group>"; };
		78BA848821A28941000D2CBA /* ViewController.m */ = {isa = PBXFileReference; lastKnownFileType = sourcecode.c.objc; path = ViewController.m; sourceTree = "<group>"; };
		78BA848B21A28941000D2CBA /* Base */ = {isa = PBXFileReference; lastKnownFileType = file.storyboard; name = Base; path = Base.lproj/Main.storyboard; sourceTree = "<group>"; };
		78BA848E21A28941000D2CBA /* Demoapp.xcdatamodel */ = {isa = PBXFileReference; lastKnownFileType = wrapper.xcdatamodel; path = Demoapp.xcdatamodel; sourceTree = "<group>"; };
		78BA849021A28944000D2CBA /* Assets.xcassets */ = {isa = PBXFileReference; lastKnownFileType = folder.assetcatalog; path = Assets.xcassets; sourceTree = "<group>"; };
		78BA849321A28944000D2CBA /* Base */ = {isa = PBXFileReference; lastKnownFileType = file.storyboard; name = Base; path = Base.lproj/LaunchScreen.storyboard; sourceTree = "<group>"; };
		78BA849521A28944000D2CBA /* Info.plist */ = {isa = PBXFileReference; lastKnownFileType = text.plist.xml; path = Info.plist; sourceTree = "<group>"; };
		78BA849621A28944000D2CBA /* main.m */ = {isa = PBXFileReference; lastKnownFileType = sourcecode.c.objc; path = main.m; sourceTree = "<group>"; };
/* End PBXFileReference section */

/* Begin PBXFrameworksBuildPhase section */
		78BA847E21A28941000D2CBA /* Frameworks */ = {
			isa = PBXFrameworksBuildPhase;
			buildActionMask = 2147483647;
			files = (
			);
			runOnlyForDeploymentPostprocessing = 0;
		};
/* End PBXFrameworksBuildPhase section */

/* Begin PBXGroup section */
		78BA847821A28941000D2CBA = {
			isa = PBXGroup;
			children = (
				78BA848321A28941000D2CBA /* Demoapp */,
				78BA848221A28941000D2CBA /* Products */,
			);
			sourceTree = "<group>";
		};
		78BA848221A28941000D2CBA /* Products */ = {
			isa = PBXGroup;
			children = (
				78BA848121A28941000D2CBA /* Demoapp.app */,
			);
			name = Products;
			sourceTree = "<group>";
		};
		78BA848321A28941000D2CBA /* Demoapp */ = {
			isa = PBXGroup;
			children = (
				78BA848421A28941000D2CBA /* AppDelegate.h */,
				78BA848521A28941000D2CBA /* AppDelegate.m */,
				78BA848721A28941000D2CBA /* ViewController.h */,
				78BA848821A28941000D2CBA /* ViewController.m */,
				78BA848A21A28941000D2CBA /* Main.storyboard */,
				78BA849021A28944000D2CBA /* Assets.xcassets */,
				78BA849221A28944000D2CBA /* LaunchScreen.storyboard */,
				78BA849521A28944000D2CBA /* Info.plist */,
				78BA849621A28944000D2CBA /* main.m */,
				78BA848D21A28941000D2CBA /* Demoapp.xcdatamodeld */,
			);
			path = Demoapp;
			sourceTree = "<group>";
		};
/* End PBXGroup section */

/* Begin PBXNativeTarget section */
		78BA848021A28941000D2CBA /* Demoapp */ = {
			isa = PBXNativeTarget;
			buildConfigurationList = 78BA849A21A28945000D2CBA /* Build configuration list for PBXNativeTarget "Demoapp" */;
			buildPhases = (
				78BA847D21A28941000D2CBA /* Sources */,
				78BA847E21A28941000D2CBA /* Frameworks */,
				78BA847F21A28941000D2CBA /* Resources */,
			);
			buildRules = (
			);
			dependencies = (
			);
			name = Demoapp;
			productName = Demoapp;
			productReference = 78BA848121A28941000D2CBA /* Demoapp.app */;
			productType = "com.apple.product-type.application";
		};
/* End PBXNativeTarget section */

/* Begin PBXProject section */
		78BA847921A28941000D2CBA /* Project object */ = {
			isa = PBXProject;
			attributes = {
				LastUpgradeCheck = 1000;
				ORGANIZATIONNAME = Ducont;
				TargetAttributes = {
					78BA848021A28941000D2CBA = {
						CreatedOnToolsVersion = 10.0;
					};
				};
			};
			buildConfigurationList = 78BA847C21A28941000D2CBA /* Build configuration list for PBXProject "Demoapp" */;
			compatibilityVersion = "Xcode 9.3";
			developmentRegion = en;
			hasScannedForEncodings = 0;
			knownRegions = (
				en,
				Base,
			);
			mainGroup = 78BA847821A28941000D2CBA;
			productRefGroup = 78BA848221A28941000D2CBA /* Products */;
			projectDirPath = "";
			projectRoot = "";
			targets = (
				78BA848021A28941000D2CBA /* Demoapp */,
			);
		};
/* End PBXProject section */

/* Begin PBXResourcesBuildPhase section */
		78BA847F21A28941000D2CBA /* Resources */ = {
			isa = PBXResourcesBuildPhase;
			buildActionMask = 2147483647;
			files = (
				78BA849421A28944000D2CBA /* LaunchScreen.storyboard in Resources */,
				78BA849121A28944000D2CBA /* Assets.xcassets in Resources */,
				78BA848C21A28941000D2CBA /* Main.storyboard in Resources */,
			);
			runOnlyForDeploymentPostprocessing = 0;
		};
/* End PBXResourcesBuildPhase section */

/* Begin PBXSourcesBuildPhase section */
		78BA847D21A28941000D2CBA /* Sources */ = {
			isa = PBXSourcesBuildPhase;
			buildActionMask = 2147483647;
			files = (
				78BA848921A28941000D2CBA /* ViewController.m in Sources */,
				78BA848F21A28941000D2CBA /* Demoapp.xcdatamodeld in Sources */,
				78BA849721A28944000D2CBA /* main.m in Sources */,
				78BA848621A28941000D2CBA /* AppDelegate.m in Sources */,
			);
			runOnlyForDeploymentPostprocessing = 0;
		};
/* End PBXSourcesBuildPhase section */

/* Begin PBXVariantGroup section */
		78BA848A21A28941000D2CBA /* Main.storyboard */ = {
			isa = PBXVariantGroup;
			children = (
				78BA848B21A28941000D2CBA /* Base */,
			);
			name = Main.storyboard;
			sourceTree = "<group>";
		};
		78BA849221A28944000D2CBA /* LaunchScreen.storyboard */ = {
			isa = PBXVariantGroup;
			children = (
				78BA849321A28944000D2CBA /* Base */,
			);
			name = LaunchScreen.storyboard;
			sourceTree = "<group>";
		};
/* End PBXVariantGroup section */

/* Begin XCBuildConfiguration section */
		78BA849821A28944000D2CBA /* Debug */ = {
			isa = XCBuildConfiguration;
			buildSettings = {
				ALWAYS_SEARCH_USER_PATHS = NO;
				CLANG_ANALYZER_NONNULL = YES;
				CLANG_ANALYZER_NUMBER_OBJECT_CONVERSION = YES_AGGRESSIVE;
				CLANG_CXX_LANGUAGE_STANDARD = "gnu++14";
				CLANG_CXX_LIBRARY = "libc++";
				CLANG_ENABLE_MODULES = YES;
				CLANG_ENABLE_OBJC_ARC = YES;
				CLANG_ENABLE_OBJC_WEAK = YES;
				CLANG_WARN_BLOCK_CAPTURE_AUTORELEASING = YES;
				CLANG_WARN_BOOL_CONVERSION = YES;
				CLANG_WARN_COMMA = YES;
				CLANG_WARN_CONSTANT_CONVERSION = YES;
				CLANG_WARN_DEPRECATED_OBJC_IMPLEMENTATIONS = YES;
				CLANG_WARN_DIRECT_OBJC_ISA_USAGE = YES_ERROR;
				CLANG_WARN_DOCUMENTATION_COMMENTS = YES;
				CLANG_WARN_EMPTY_BODY = YES;
				CLANG_WARN_ENUM_CONVERSION = YES;
				CLANG_WARN_INFINITE_RECURSION = YES;
				CLANG_WARN_INT_CONVERSION = YES;
				CLANG_WARN_NON_LITERAL_NULL_CONVERSION = YES;
				CLANG_WARN_OBJC_IMPLICIT_RETAIN_SELF = YES;
				CLANG_WARN_OBJC_LITERAL_CONVERSION = YES;
				CLANG_WARN_OBJC_ROOT_CLASS = YES_ERROR;
				CLANG_WARN_RANGE_LOOP_ANALYSIS = YES;
				CLANG_WARN_STRICT_PROTOTYPES = YES;
				CLANG_WARN_SUSPICIOUS_MOVE = YES;
				CLANG_WARN_UNGUARDED_AVAILABILITY = YES_AGGRESSIVE;
				CLANG_WARN_UNREACHABLE_CODE = YES;
				CLANG_WARN__DUPLICATE_METHOD_MATCH = YES;
				CODE_SIGN_IDENTITY = "iPhone Developer";
				COPY_PHASE_STRIP = NO;
				DEBUG_INFORMATION_FORMAT = dwarf;
				ENABLE_STRICT_OBJC_MSGSEND = YES;
				ENABLE_TESTABILITY = YES;
				GCC_C_LANGUAGE_STANDARD = gnu11;
				GCC_DYNAMIC_NO_PIC = NO;
				GCC_NO_COMMON_BLOCKS = YES;
				GCC_OPTIMIZATION_LEVEL = 0;
				GCC_PREPROCESSOR_DEFINITIONS = (
					"DEBUG=1",
					"$(inherited)",
				);
				GCC_WARN_64_TO_32_BIT_CONVERSION = YES;
				GCC_WARN_ABOUT_RETURN_TYPE = YES_ERROR;
				GCC_WARN_UNDECLARED_SELECTOR = YES;
				GCC_WARN_UNINITIALIZED_AUTOS = YES_AGGRESSIVE;
				GCC_WARN_UNUSED_FUNCTION = YES;
				GCC_WARN_UNUSED_VARIABLE = YES;
				IPHONEOS_DEPLOYMENT_TARGET = 12.0;
				MTL_ENABLE_DEBUG_INFO = INCLUDE_SOURCE;
				MTL_FAST_MATH = YES;
				ONLY_ACTIVE_ARCH = YES;
				SDKROOT = iphoneos;
			};
			name = Debug;
		};
		78BA849921A28944000D2CBA /* Release */ = {
			isa = XCBuildConfiguration;
			buildSettings = {
				ALWAYS_SEARCH_USER_PATHS = NO;
				CLANG_ANALYZER_NONNULL = YES;
				CLANG_ANALYZER_NUMBER_OBJECT_CONVERSION = YES_AGGRESSIVE;
				CLANG_CXX_LANGUAGE_STANDARD = "gnu++14";
				CLANG_CXX_LIBRARY = "libc++";
				CLANG_ENABLE_MODULES = YES;
				CLANG_ENABLE_OBJC_ARC = YES;
				CLANG_ENABLE_OBJC_WEAK = YES;
				CLANG_WARN_BLOCK_CAPTURE_AUTORELEASING = YES;
				CLANG_WARN_BOOL_CONVERSION = YES;
				CLANG_WARN_COMMA = YES;
				CLANG_WARN_CONSTANT_CONVERSION = YES;
				CLANG_WARN_DEPRECATED_OBJC_IMPLEMENTATIONS = YES;
				CLANG_WARN_DIRECT_OBJC_ISA_USAGE = YES_ERROR;
				CLANG_WARN_DOCUMENTATION_COMMENTS = YES;
				CLANG_WARN_EMPTY_BODY = YES;
				CLANG_WARN_ENUM_CONVERSION = YES;
				CLANG_WARN_INFINITE_RECURSION = YES;
				CLANG_WARN_INT_CONVERSION = YES;
				CLANG_WARN_NON_LITERAL_NULL_CONVERSION = YES;
				CLANG_WARN_OBJC_IMPLICIT_RETAIN_SELF = YES;
				CLANG_WARN_OBJC_LITERAL_CONVERSION = YES;
				CLANG_WARN_OBJC_ROOT_CLASS = YES_ERROR;
				CLANG_WARN_RANGE_LOOP_ANALYSIS = YES;
				CLANG_WARN_STRICT_PROTOTYPES = YES;
				CLANG_WARN_SUSPICIOUS_MOVE = YES;
				CLANG_WARN_UNGUARDED_AVAILABILITY = YES_AGGRESSIVE;
				CLANG_WARN_UNREACHABLE_CODE = YES;
				CLANG_WARN__DUPLICATE_METHOD_MATCH = YES;
				CODE_SIGN_IDENTITY = "iPhone Developer";
				COPY_PHASE_STRIP = NO;
				DEBUG_INFORMATION_FORMAT = "dwarf-with-dsym";
				ENABLE_NS_ASSERTIONS = NO;
				ENABLE_STRICT_OBJC_MSGSEND = YES;
				GCC_C_LANGUAGE_STANDARD = gnu11;
				GCC_NO_COMMON_BLOCKS = YES;
				GCC_WARN_64_TO_32_BIT_CONVERSION = YES;
				GCC_WARN_ABOUT_RETURN_TYPE = YES_ERROR;
				GCC_WARN_UNDECLARED_SELECTOR = YES;
				GCC_WARN_UNINITIALIZED_AUTOS = YES_AGGRESSIVE;
				GCC_WARN_UNUSED_FUNCTION = YES;
				GCC_WARN_UNUSED_VARIABLE = YES;
				IPHONEOS_DEPLOYMENT_TARGET = 12.0;
				MTL_ENABLE_DEBUG_INFO = NO;
				MTL_FAST_MATH = YES;
				SDKROOT = iphoneos;
				VALIDATE_PRODUCT = YES;
			};
			name = Release;
		};
		78BA849B21A28945000D2CBA /* Debug */ = {
			isa = XCBuildConfiguration;
			buildSettings = {
				ASSETCATALOG_COMPILER_APPICON_NAME = AppIcon;
				CODE_SIGN_IDENTITY = "iPhone Developer";
				CODE_SIGN_STYLE = Automatic;
				DEVELOPMENT_TEAM = 4KDHTKLH9Z;
				INFOPLIST_FILE = Demoapp/Info.plist;
				LD_RUNPATH_SEARCH_PATHS = (
					"$(inherited)",
					"@executable_path/Frameworks",
				);
				PRODUCT_BUNDLE_IDENTIFIER = com.zylog.Demoapp;
				PRODUCT_NAME = "$(TARGET_NAME)";
				PROVISIONING_PROFILE_SPECIFIER = "";
				TARGETED_DEVICE_FAMILY = "1,2";
			};
			name = Debug;
		};
		78BA849C21A28945000D2CBA /* Release */ = {
			isa = XCBuildConfiguration;
			buildSettings = {
				ASSETCATALOG_COMPILER_APPICON_NAME = AppIcon;
				CODE_SIGN_IDENTITY = "iPhone Developer";
				CODE_SIGN_STYLE = Automatic;
				DEVELOPMENT_TEAM = 4KDHTKLH9Z;
				INFOPLIST_FILE = Demoapp/Info.plist;
				LD_RUNPATH_SEARCH_PATHS = (
					"$(inherited)",
					"@executable_path/Frameworks",
				);
				PRODUCT_BUNDLE_IDENTIFIER = com.zylog.Demoapp;
				PRODUCT_NAME = "$(TARGET_NAME)";
				PROVISIONING_PROFILE_SPECIFIER = "";
				TARGETED_DEVICE_FAMILY = "1,2";
			};
			name = Release;
		};
/* End XCBuildConfiguration section */

/* Begin XCConfigurationList section */
		78BA847C21A28941000D2CBA /* Build configuration list for PBXProject "Demoapp" */ = {
			isa = XCConfigurationList;
			buildConfigurations = (
				78BA849821A28944000D2CBA /* Debug */,
				78BA849921A28944000D2CBA /* Release */,
			);
			defaultConfigurationIsVisible = 0;
			defaultConfigurationName = Release;
		};
		78BA849A21A28945000D2CBA /* Build configuration list for PBXNativeTarget "Demoapp" */ = {
			isa = XCConfigurationList;
			buildConfigurations = (
				78BA849B21A28945000D2CBA /* Debug */,
				78BA849C21A28945000D2CBA /* Release */,
			);
			defaultConfigurationIsVisible = 0;
			defaultConfigurationName = Release;
		};
/* End XCConfigurationList section */

/* Begin XCVersionGroup section */
		78BA848D21A28941000D2CBA /* Demoapp.xcdatamodeld */ = {
			isa = XCVersionGroup;
			children = (
				78BA848E21A28941000D2CBA /* Demoapp.xcdatamodel */,
			);
			currentVersion = 78BA848E21A28941000D2CBA /* Demoapp.xcdatamodel */;
			path = Demoapp.xcdatamodeld;
			sourceTree = "<group>";
			versionGroupType = wrapper.xcdatamodel;
		};
/* End XCVersionGroup section */
	};
	rootObject = 78BA847921A28941000D2CBA /* Project object */;
}
